// !$*UTF8*$!
{
	archiveVersion = 1;
	classes = {
	};
	objectVersion = 56;
	objects = {

/* Begin PBXBuildFile section */
		2CA419002BA63D8600B708B7 /* AppDelegate.swift in Sources */ = {isa = PBXBuildFile; fileRef = 2CA418FF2BA63D8600B708B7 /* AppDelegate.swift */; };
		2CA419022BA63D8600B708B7 /* SceneDelegate.swift in Sources */ = {isa = PBXBuildFile; fileRef = 2CA419012BA63D8600B708B7 /* SceneDelegate.swift */; };
		2CA419042BA63D8600B708B7 /* TodoListViewController.swift in Sources */ = {isa = PBXBuildFile; fileRef = 2CA419032BA63D8600B708B7 /* TodoListViewController.swift */; };
		2CA419072BA63D8600B708B7 /* Main.storyboard in Resources */ = {isa = PBXBuildFile; fileRef = 2CA419052BA63D8600B708B7 /* Main.storyboard */; };
		2CA419092BA63D8700B708B7 /* Assets.xcassets in Resources */ = {isa = PBXBuildFile; fileRef = 2CA419082BA63D8700B708B7 /* Assets.xcassets */; };
		2CA4190C2BA63D8700B708B7 /* LaunchScreen.storyboard in Resources */ = {isa = PBXBuildFile; fileRef = 2CA4190A2BA63D8700B708B7 /* LaunchScreen.storyboard */; };
		2CA419172BA63D8700B708B7 /* PiggyListsTests.swift in Sources */ = {isa = PBXBuildFile; fileRef = 2CA419162BA63D8700B708B7 /* PiggyListsTests.swift */; };
		2CA419212BA63D8700B708B7 /* PiggyListsUITests.swift in Sources */ = {isa = PBXBuildFile; fileRef = 2CA419202BA63D8700B708B7 /* PiggyListsUITests.swift */; };
		2CA419232BA63D8700B708B7 /* PiggyListsUITestsLaunchTests.swift in Sources */ = {isa = PBXBuildFile; fileRef = 2CA419222BA63D8700B708B7 /* PiggyListsUITestsLaunchTests.swift */; };
		2CA419782BA7B6C200B708B7 /* CategoryViewController.swift in Sources */ = {isa = PBXBuildFile; fileRef = 2CA419772BA7B6C200B708B7 /* CategoryViewController.swift */; };
		2CA4197C2BA9263700B708B7 /* Item.swift in Sources */ = {isa = PBXBuildFile; fileRef = 2CA4197B2BA9263700B708B7 /* Item.swift */; };
		2CA4197E2BA9264400B708B7 /* Category.swift in Sources */ = {isa = PBXBuildFile; fileRef = 2CA4197D2BA9264400B708B7 /* Category.swift */; };
		2CA419802BAA958D00B708B7 /* SwipeTableViewController.swift in Sources */ = {isa = PBXBuildFile; fileRef = 2CA4197F2BAA958D00B708B7 /* SwipeTableViewController.swift */; };
		5CFD94F445C77F9CBAD6C4CD /* Pods_PiggyLists.framework in Frameworks */ = {isa = PBXBuildFile; fileRef = D65CA09F2CEFBD39CE669799 /* Pods_PiggyLists.framework */; };
/* End PBXBuildFile section */

/* Begin PBXContainerItemProxy section */
		2CA419132BA63D8700B708B7 /* PBXContainerItemProxy */ = {
			isa = PBXContainerItemProxy;
			containerPortal = 2CA418F42BA63D8600B708B7 /* Project object */;
			proxyType = 1;
			remoteGlobalIDString = 2CA418FB2BA63D8600B708B7;
			remoteInfo = PiggyLists;
		};
		2CA4191D2BA63D8700B708B7 /* PBXContainerItemProxy */ = {
			isa = PBXContainerItemProxy;
			containerPortal = 2CA418F42BA63D8600B708B7 /* Project object */;
			proxyType = 1;
			remoteGlobalIDString = 2CA418FB2BA63D8600B708B7;
			remoteInfo = PiggyLists;
		};
/* End PBXContainerItemProxy section */

/* Begin PBXFileReference section */
		2CA418FC2BA63D8600B708B7 /* PiggyLists.app */ = {isa = PBXFileReference; explicitFileType = wrapper.application; includeInIndex = 0; path = PiggyLists.app; sourceTree = BUILT_PRODUCTS_DIR; };
		2CA418FF2BA63D8600B708B7 /* AppDelegate.swift */ = {isa = PBXFileReference; lastKnownFileType = sourcecode.swift; path = AppDelegate.swift; sourceTree = "<group>"; };
		2CA419012BA63D8600B708B7 /* SceneDelegate.swift */ = {isa = PBXFileReference; lastKnownFileType = sourcecode.swift; path = SceneDelegate.swift; sourceTree = "<group>"; };
		2CA419032BA63D8600B708B7 /* TodoListViewController.swift */ = {isa = PBXFileReference; lastKnownFileType = sourcecode.swift; path = TodoListViewController.swift; sourceTree = "<group>"; };
		2CA419062BA63D8600B708B7 /* Base */ = {isa = PBXFileReference; lastKnownFileType = file.storyboard; name = Base; path = Base.lproj/Main.storyboard; sourceTree = "<group>"; };
		2CA419082BA63D8700B708B7 /* Assets.xcassets */ = {isa = PBXFileReference; lastKnownFileType = folder.assetcatalog; path = Assets.xcassets; sourceTree = "<group>"; };
		2CA4190B2BA63D8700B708B7 /* Base */ = {isa = PBXFileReference; lastKnownFileType = file.storyboard; name = Base; path = Base.lproj/LaunchScreen.storyboard; sourceTree = "<group>"; };
		2CA4190D2BA63D8700B708B7 /* Info.plist */ = {isa = PBXFileReference; lastKnownFileType = text.plist.xml; path = Info.plist; sourceTree = "<group>"; };
		2CA419122BA63D8700B708B7 /* PiggyListsTests.xctest */ = {isa = PBXFileReference; explicitFileType = wrapper.cfbundle; includeInIndex = 0; path = PiggyListsTests.xctest; sourceTree = BUILT_PRODUCTS_DIR; };
		2CA419162BA63D8700B708B7 /* PiggyListsTests.swift */ = {isa = PBXFileReference; lastKnownFileType = sourcecode.swift; path = PiggyListsTests.swift; sourceTree = "<group>"; };
		2CA4191C2BA63D8700B708B7 /* PiggyListsUITests.xctest */ = {isa = PBXFileReference; explicitFileType = wrapper.cfbundle; includeInIndex = 0; path = PiggyListsUITests.xctest; sourceTree = BUILT_PRODUCTS_DIR; };
		2CA419202BA63D8700B708B7 /* PiggyListsUITests.swift */ = {isa = PBXFileReference; lastKnownFileType = sourcecode.swift; path = PiggyListsUITests.swift; sourceTree = "<group>"; };
		2CA419222BA63D8700B708B7 /* PiggyListsUITestsLaunchTests.swift */ = {isa = PBXFileReference; lastKnownFileType = sourcecode.swift; path = PiggyListsUITestsLaunchTests.swift; sourceTree = "<group>"; };
		2CA419772BA7B6C200B708B7 /* CategoryViewController.swift */ = {isa = PBXFileReference; lastKnownFileType = sourcecode.swift; path = CategoryViewController.swift; sourceTree = SOURCE_ROOT; };
		2CA4197B2BA9263700B708B7 /* Item.swift */ = {isa = PBXFileReference; lastKnownFileType = sourcecode.swift; path = Item.swift; sourceTree = "<group>"; };
		2CA4197D2BA9264400B708B7 /* Category.swift */ = {isa = PBXFileReference; lastKnownFileType = sourcecode.swift; path = Category.swift; sourceTree = "<group>"; };
		2CA4197F2BAA958D00B708B7 /* SwipeTableViewController.swift */ = {isa = PBXFileReference; lastKnownFileType = sourcecode.swift; path = SwipeTableViewController.swift; sourceTree = "<group>"; };
		3560A40EE614CF3219B796BC /* Pods-PiggyLists.release.xcconfig */ = {isa = PBXFileReference; includeInIndex = 1; lastKnownFileType = text.xcconfig; name = "Pods-PiggyLists.release.xcconfig"; path = "Target Support Files/Pods-PiggyLists/Pods-PiggyLists.release.xcconfig"; sourceTree = "<group>"; };
		7AEE16355A81038024FF680A /* Pods-PiggyLists.debug.xcconfig */ = {isa = PBXFileReference; includeInIndex = 1; lastKnownFileType = text.xcconfig; name = "Pods-PiggyLists.debug.xcconfig"; path = "Target Support Files/Pods-PiggyLists/Pods-PiggyLists.debug.xcconfig"; sourceTree = "<group>"; };
		D65CA09F2CEFBD39CE669799 /* Pods_PiggyLists.framework */ = {isa = PBXFileReference; explicitFileType = wrapper.framework; includeInIndex = 0; path = Pods_PiggyLists.framework; sourceTree = BUILT_PRODUCTS_DIR; };
/* End PBXFileReference section */

/* Begin PBXFrameworksBuildPhase section */
		2CA418F92BA63D8600B708B7 /* Frameworks */ = {
			isa = PBXFrameworksBuildPhase;
			buildActionMask = 2147483647;
			files = (
				5CFD94F445C77F9CBAD6C4CD /* Pods_PiggyLists.framework in Frameworks */,
			);
			runOnlyForDeploymentPostprocessing = 0;
		};
		2CA4190F2BA63D8700B708B7 /* Frameworks */ = {
			isa = PBXFrameworksBuildPhase;
			buildActionMask = 2147483647;
			files = (
			);
			runOnlyForDeploymentPostprocessing = 0;
		};
		2CA419192BA63D8700B708B7 /* Frameworks */ = {
			isa = PBXFrameworksBuildPhase;
			buildActionMask = 2147483647;
			files = (
			);
			runOnlyForDeploymentPostprocessing = 0;
		};
/* End PBXFrameworksBuildPhase section */

/* Begin PBXGroup section */
		2CA418F32BA63D8600B708B7 = {
			isa = PBXGroup;
			children = (
				2CA418FE2BA63D8600B708B7 /* PiggyLists */,
				2CA419152BA63D8700B708B7 /* PiggyListsTests */,
				2CA4191F2BA63D8700B708B7 /* PiggyListsUITests */,
				2CA418FD2BA63D8600B708B7 /* Products */,
				349E223D91ACC91B3FD7B6A4 /* Pods */,
				34D4EC812181239FCC01F39F /* Frameworks */,
			);
			sourceTree = "<group>";
		};
		2CA418FD2BA63D8600B708B7 /* Products */ = {
			isa = PBXGroup;
			children = (
				2CA418FC2BA63D8600B708B7 /* PiggyLists.app */,
				2CA419122BA63D8700B708B7 /* PiggyListsTests.xctest */,
				2CA4191C2BA63D8700B708B7 /* PiggyListsUITests.xctest */,
			);
			name = Products;
			sourceTree = "<group>";
		};
		2CA418FE2BA63D8600B708B7 /* PiggyLists */ = {
			isa = PBXGroup;
			children = (
				2CA418FF2BA63D8600B708B7 /* AppDelegate.swift */,
				2CA419012BA63D8600B708B7 /* SceneDelegate.swift */,
				2CA419322BA6A78800B708B7 /* Controllers */,
				2CA419312BA6A77200B708B7 /* Data Model */,
				2CA419332BA6A79D00B708B7 /* Views */,
				2CA419342BA6A7B500B708B7 /* Supporting Files */,
				2CA4190D2BA63D8700B708B7 /* Info.plist */,
			);
			path = PiggyLists;
			sourceTree = "<group>";
		};
		2CA419152BA63D8700B708B7 /* PiggyListsTests */ = {
			isa = PBXGroup;
			children = (
				2CA419162BA63D8700B708B7 /* PiggyListsTests.swift */,
			);
			path = PiggyListsTests;
			sourceTree = "<group>";
		};
		2CA4191F2BA63D8700B708B7 /* PiggyListsUITests */ = {
			isa = PBXGroup;
			children = (
				2CA419202BA63D8700B708B7 /* PiggyListsUITests.swift */,
				2CA419222BA63D8700B708B7 /* PiggyListsUITestsLaunchTests.swift */,
			);
			path = PiggyListsUITests;
			sourceTree = "<group>";
		};
		2CA419312BA6A77200B708B7 /* Data Model */ = {
			isa = PBXGroup;
			children = (
				2CA4197D2BA9264400B708B7 /* Category.swift */,
				2CA4197B2BA9263700B708B7 /* Item.swift */,
			);
			path = "Data Model";
			sourceTree = "<group>";
		};
		2CA419322BA6A78800B708B7 /* Controllers */ = {
			isa = PBXGroup;
			children = (
				2CA419772BA7B6C200B708B7 /* CategoryViewController.swift */,
				2CA419032BA63D8600B708B7 /* TodoListViewController.swift */,
				2CA4197F2BAA958D00B708B7 /* SwipeTableViewController.swift */,
			);
			path = Controllers;
			sourceTree = "<group>";
		};
		2CA419332BA6A79D00B708B7 /* Views */ = {
			isa = PBXGroup;
			children = (
				2CA419052BA63D8600B708B7 /* Main.storyboard */,
			);
			path = Views;
			sourceTree = "<group>";
		};
		2CA419342BA6A7B500B708B7 /* Supporting Files */ = {
			isa = PBXGroup;
			children = (
				2CA419082BA63D8700B708B7 /* Assets.xcassets */,
				2CA4190A2BA63D8700B708B7 /* LaunchScreen.storyboard */,
			);
			path = "Supporting Files";
			sourceTree = "<group>";
		};
		349E223D91ACC91B3FD7B6A4 /* Pods */ = {
			isa = PBXGroup;
			children = (
				7AEE16355A81038024FF680A /* Pods-PiggyLists.debug.xcconfig */,
				3560A40EE614CF3219B796BC /* Pods-PiggyLists.release.xcconfig */,
			);
			path = Pods;
			sourceTree = "<group>";
		};
		34D4EC812181239FCC01F39F /* Frameworks */ = {
			isa = PBXGroup;
			children = (
				D65CA09F2CEFBD39CE669799 /* Pods_PiggyLists.framework */,
			);
			name = Frameworks;
			sourceTree = "<group>";
		};
/* End PBXGroup section */

/* Begin PBXNativeTarget section */
		2CA418FB2BA63D8600B708B7 /* PiggyLists */ = {
			isa = PBXNativeTarget;
			buildConfigurationList = 2CA419262BA63D8700B708B7 /* Build configuration list for PBXNativeTarget "PiggyLists" */;
			buildPhases = (
				59C3808E88898EB7172B2E2B /* [CP] Check Pods Manifest.lock */,
				2CA418F82BA63D8600B708B7 /* Sources */,
				2CA418F92BA63D8600B708B7 /* Frameworks */,
				2CA418FA2BA63D8600B708B7 /* Resources */,
				024D7C1D289A1C4C3A359F68 /* [CP] Embed Pods Frameworks */,
			);
			buildRules = (
			);
			dependencies = (
			);
			name = PiggyLists;
			productName = PiggyLists;
			productReference = 2CA418FC2BA63D8600B708B7 /* PiggyLists.app */;
			productType = "com.apple.product-type.application";
		};
		2CA419112BA63D8700B708B7 /* PiggyListsTests */ = {
			isa = PBXNativeTarget;
			buildConfigurationList = 2CA419292BA63D8700B708B7 /* Build configuration list for PBXNativeTarget "PiggyListsTests" */;
			buildPhases = (
				2CA4190E2BA63D8700B708B7 /* Sources */,
				2CA4190F2BA63D8700B708B7 /* Frameworks */,
				2CA419102BA63D8700B708B7 /* Resources */,
			);
			buildRules = (
			);
			dependencies = (
				2CA419142BA63D8700B708B7 /* PBXTargetDependency */,
			);
			name = PiggyListsTests;
			productName = PiggyListsTests;
			productReference = 2CA419122BA63D8700B708B7 /* PiggyListsTests.xctest */;
			productType = "com.apple.product-type.bundle.unit-test";
		};
		2CA4191B2BA63D8700B708B7 /* PiggyListsUITests */ = {
			isa = PBXNativeTarget;
			buildConfigurationList = 2CA4192C2BA63D8700B708B7 /* Build configuration list for PBXNativeTarget "PiggyListsUITests" */;
			buildPhases = (
				2CA419182BA63D8700B708B7 /* Sources */,
				2CA419192BA63D8700B708B7 /* Frameworks */,
				2CA4191A2BA63D8700B708B7 /* Resources */,
			);
			buildRules = (
			);
			dependencies = (
				2CA4191E2BA63D8700B708B7 /* PBXTargetDependency */,
			);
			name = PiggyListsUITests;
			productName = PiggyListsUITests;
			productReference = 2CA4191C2BA63D8700B708B7 /* PiggyListsUITests.xctest */;
			productType = "com.apple.product-type.bundle.ui-testing";
		};
/* End PBXNativeTarget section */

/* Begin PBXProject section */
		2CA418F42BA63D8600B708B7 /* Project object */ = {
			isa = PBXProject;
			attributes = {
				BuildIndependentTargetsInParallel = 1;
				LastSwiftUpdateCheck = 1430;
				LastUpgradeCheck = 1430;
				TargetAttributes = {
					2CA418FB2BA63D8600B708B7 = {
						CreatedOnToolsVersion = 14.3.1;
					};
					2CA419112BA63D8700B708B7 = {
						CreatedOnToolsVersion = 14.3.1;
						TestTargetID = 2CA418FB2BA63D8600B708B7;
					};
					2CA4191B2BA63D8700B708B7 = {
						CreatedOnToolsVersion = 14.3.1;
						TestTargetID = 2CA418FB2BA63D8600B708B7;
					};
				};
			};
			buildConfigurationList = 2CA418F72BA63D8600B708B7 /* Build configuration list for PBXProject "PiggyLists" */;
			compatibilityVersion = "Xcode 14.0";
			developmentRegion = en;
			hasScannedForEncodings = 0;
			knownRegions = (
				en,
				Base,
			);
			mainGroup = 2CA418F32BA63D8600B708B7;
			productRefGroup = 2CA418FD2BA63D8600B708B7 /* Products */;
			projectDirPath = "";
			projectRoot = "";
			targets = (
				2CA418FB2BA63D8600B708B7 /* PiggyLists */,
				2CA419112BA63D8700B708B7 /* PiggyListsTests */,
				2CA4191B2BA63D8700B708B7 /* PiggyListsUITests */,
			);
		};
/* End PBXProject section */

/* Begin PBXResourcesBuildPhase section */
		2CA418FA2BA63D8600B708B7 /* Resources */ = {
			isa = PBXResourcesBuildPhase;
			buildActionMask = 2147483647;
			files = (
				2CA4190C2BA63D8700B708B7 /* LaunchScreen.storyboard in Resources */,
				2CA419092BA63D8700B708B7 /* Assets.xcassets in Resources */,
				2CA419072BA63D8600B708B7 /* Main.storyboard in Resources */,
			);
			runOnlyForDeploymentPostprocessing = 0;
		};
		2CA419102BA63D8700B708B7 /* Resources */ = {
			isa = PBXResourcesBuildPhase;
			buildActionMask = 2147483647;
			files = (
			);
			runOnlyForDeploymentPostprocessing = 0;
		};
		2CA4191A2BA63D8700B708B7 /* Resources */ = {
			isa = PBXResourcesBuildPhase;
			buildActionMask = 2147483647;
			files = (
			);
			runOnlyForDeploymentPostprocessing = 0;
		};
/* End PBXResourcesBuildPhase section */

/* Begin PBXShellScriptBuildPhase section */
		024D7C1D289A1C4C3A359F68 /* [CP] Embed Pods Frameworks */ = {
			isa = PBXShellScriptBuildPhase;
			buildActionMask = 2147483647;
			files = (
			);
			inputFileListPaths = (
				"${PODS_ROOT}/Target Support Files/Pods-PiggyLists/Pods-PiggyLists-frameworks-${CONFIGURATION}-input-files.xcfilelist",
			);
			name = "[CP] Embed Pods Frameworks";
			outputFileListPaths = (
				"${PODS_ROOT}/Target Support Files/Pods-PiggyLists/Pods-PiggyLists-frameworks-${CONFIGURATION}-output-files.xcfilelist",
			);
			runOnlyForDeploymentPostprocessing = 0;
			shellPath = /bin/sh;
			shellScript = "\"${PODS_ROOT}/Target Support Files/Pods-PiggyLists/Pods-PiggyLists-frameworks.sh\"\n";
			showEnvVarsInLog = 0;
		};
		59C3808E88898EB7172B2E2B /* [CP] Check Pods Manifest.lock */ = {
			isa = PBXShellScriptBuildPhase;
			buildActionMask = 2147483647;
			files = (
			);
			inputFileListPaths = (
			);
			inputPaths = (
				"${PODS_PODFILE_DIR_PATH}/Podfile.lock",
				"${PODS_ROOT}/Manifest.lock",
			);
			name = "[CP] Check Pods Manifest.lock";
			outputFileListPaths = (
			);
			outputPaths = (
				"$(DERIVED_FILE_DIR)/Pods-PiggyLists-checkManifestLockResult.txt",
			);
			runOnlyForDeploymentPostprocessing = 0;
			shellPath = /bin/sh;
			shellScript = "diff \"${PODS_PODFILE_DIR_PATH}/Podfile.lock\" \"${PODS_ROOT}/Manifest.lock\" > /dev/null\nif [ $? != 0 ] ; then\n    # print error to STDERR\n    echo \"error: The sandbox is not in sync with the Podfile.lock. Run 'pod install' or update your CocoaPods installation.\" >&2\n    exit 1\nfi\n# This output is used by Xcode 'outputs' to avoid re-running this script phase.\necho \"SUCCESS\" > \"${SCRIPT_OUTPUT_FILE_0}\"\n";
			showEnvVarsInLog = 0;
		};
/* End PBXShellScriptBuildPhase section */

/* Begin PBXSourcesBuildPhase section */
		2CA418F82BA63D8600B708B7 /* Sources */ = {
			isa = PBXSourcesBuildPhase;
			buildActionMask = 2147483647;
			files = (
				2CA419782BA7B6C200B708B7 /* CategoryViewController.swift in Sources */,
				2CA419042BA63D8600B708B7 /* TodoListViewController.swift in Sources */,
				2CA419002BA63D8600B708B7 /* AppDelegate.swift in Sources */,
				2CA419802BAA958D00B708B7 /* SwipeTableViewController.swift in Sources */,
				2CA4197C2BA9263700B708B7 /* Item.swift in Sources */,
				2CA419022BA63D8600B708B7 /* SceneDelegate.swift in Sources */,
				2CA4197E2BA9264400B708B7 /* Category.swift in Sources */,
			);
			runOnlyForDeploymentPostprocessing = 0;
		};
		2CA4190E2BA63D8700B708B7 /* Sources */ = {
			isa = PBXSourcesBuildPhase;
			buildActionMask = 2147483647;
			files = (
				2CA419172BA63D8700B708B7 /* PiggyListsTests.swift in Sources */,
			);
			runOnlyForDeploymentPostprocessing = 0;
		};
		2CA419182BA63D8700B708B7 /* Sources */ = {
			isa = PBXSourcesBuildPhase;
			buildActionMask = 2147483647;
			files = (
				2CA419212BA63D8700B708B7 /* PiggyListsUITests.swift in Sources */,
				2CA419232BA63D8700B708B7 /* PiggyListsUITestsLaunchTests.swift in Sources */,
			);
			runOnlyForDeploymentPostprocessing = 0;
		};
/* End PBXSourcesBuildPhase section */

/* Begin PBXTargetDependency section */
		2CA419142BA63D8700B708B7 /* PBXTargetDependency */ = {
			isa = PBXTargetDependency;
			target = 2CA418FB2BA63D8600B708B7 /* PiggyLists */;
			targetProxy = 2CA419132BA63D8700B708B7 /* PBXContainerItemProxy */;
		};
		2CA4191E2BA63D8700B708B7 /* PBXTargetDependency */ = {
			isa = PBXTargetDependency;
			target = 2CA418FB2BA63D8600B708B7 /* PiggyLists */;
			targetProxy = 2CA4191D2BA63D8700B708B7 /* PBXContainerItemProxy */;
		};
/* End PBXTargetDependency section */

/* Begin PBXVariantGroup section */
		2CA419052BA63D8600B708B7 /* Main.storyboard */ = {
			isa = PBXVariantGroup;
			children = (
				2CA419062BA63D8600B708B7 /* Base */,
			);
			name = Main.storyboard;
			sourceTree = "<group>";
		};
		2CA4190A2BA63D8700B708B7 /* LaunchScreen.storyboard */ = {
			isa = PBXVariantGroup;
			children = (
				2CA4190B2BA63D8700B708B7 /* Base */,
			);
			name = LaunchScreen.storyboard;
			sourceTree = "<group>";
		};
/* End PBXVariantGroup section */

/* Begin XCBuildConfiguration section */
		2CA419242BA63D8700B708B7 /* Debug */ = {
			isa = XCBuildConfiguration;
			buildSettings = {
				ALWAYS_SEARCH_USER_PATHS = NO;
				CLANG_ANALYZER_NONNULL = YES;
				CLANG_ANALYZER_NUMBER_OBJECT_CONVERSION = YES_AGGRESSIVE;
				CLANG_CXX_LANGUAGE_STANDARD = "gnu++20";
				CLANG_ENABLE_MODULES = YES;
				CLANG_ENABLE_OBJC_ARC = YES;
				CLANG_ENABLE_OBJC_WEAK = YES;
				CLANG_WARN_BLOCK_CAPTURE_AUTORELEASING = YES;
				CLANG_WARN_BOOL_CONVERSION = YES;
				CLANG_WARN_COMMA = YES;
				CLANG_WARN_CONSTANT_CONVERSION = YES;
				CLANG_WARN_DEPRECATED_OBJC_IMPLEMENTATIONS = YES;
				CLANG_WARN_DIRECT_OBJC_ISA_USAGE = YES_ERROR;
				CLANG_WARN_DOCUMENTATION_COMMENTS = YES;
				CLANG_WARN_EMPTY_BODY = YES;
				CLANG_WARN_ENUM_CONVERSION = YES;
				CLANG_WARN_INFINITE_RECURSION = YES;
				CLANG_WARN_INT_CONVERSION = YES;
				CLANG_WARN_NON_LITERAL_NULL_CONVERSION = YES;
				CLANG_WARN_OBJC_IMPLICIT_RETAIN_SELF = YES;
				CLANG_WARN_OBJC_LITERAL_CONVERSION = YES;
				CLANG_WARN_OBJC_ROOT_CLASS = YES_ERROR;
				CLANG_WARN_QUOTED_INCLUDE_IN_FRAMEWORK_HEADER = YES;
				CLANG_WARN_RANGE_LOOP_ANALYSIS = YES;
				CLANG_WARN_STRICT_PROTOTYPES = YES;
				CLANG_WARN_SUSPICIOUS_MOVE = YES;
				CLANG_WARN_UNGUARDED_AVAILABILITY = YES_AGGRESSIVE;
				CLANG_WARN_UNREACHABLE_CODE = YES;
				CLANG_WARN__DUPLICATE_METHOD_MATCH = YES;
				COPY_PHASE_STRIP = NO;
				DEBUG_INFORMATION_FORMAT = dwarf;
				ENABLE_STRICT_OBJC_MSGSEND = YES;
				ENABLE_TESTABILITY = YES;
				GCC_C_LANGUAGE_STANDARD = gnu11;
				GCC_DYNAMIC_NO_PIC = NO;
				GCC_NO_COMMON_BLOCKS = YES;
				GCC_OPTIMIZATION_LEVEL = 0;
				GCC_PREPROCESSOR_DEFINITIONS = (
					"DEBUG=1",
					"$(inherited)",
				);
				GCC_WARN_64_TO_32_BIT_CONVERSION = YES;
				GCC_WARN_ABOUT_RETURN_TYPE = YES_ERROR;
				GCC_WARN_UNDECLARED_SELECTOR = YES;
				GCC_WARN_UNINITIALIZED_AUTOS = YES_AGGRESSIVE;
				GCC_WARN_UNUSED_FUNCTION = YES;
				GCC_WARN_UNUSED_VARIABLE = YES;
				IPHONEOS_DEPLOYMENT_TARGET = 16.4;
				MTL_ENABLE_DEBUG_INFO = INCLUDE_SOURCE;
				MTL_FAST_MATH = YES;
				ONLY_ACTIVE_ARCH = YES;
				SDKROOT = iphoneos;
				SWIFT_ACTIVE_COMPILATION_CONDITIONS = DEBUG;
				SWIFT_OPTIMIZATION_LEVEL = "-Onone";
			};
			name = Debug;
		};
		2CA419252BA63D8700B708B7 /* Release */ = {
			isa = XCBuildConfiguration;
			buildSettings = {
				ALWAYS_SEARCH_USER_PATHS = NO;
				CLANG_ANALYZER_NONNULL = YES;
				CLANG_ANALYZER_NUMBER_OBJECT_CONVERSION = YES_AGGRESSIVE;
				CLANG_CXX_LANGUAGE_STANDARD = "gnu++20";
				CLANG_ENABLE_MODULES = YES;
				CLANG_ENABLE_OBJC_ARC = YES;
				CLANG_ENABLE_OBJC_WEAK = YES;
				CLANG_WARN_BLOCK_CAPTURE_AUTORELEASING = YES;
				CLANG_WARN_BOOL_CONVERSION = YES;
				CLANG_WARN_COMMA = YES;
				CLANG_WARN_CONSTANT_CONVERSION = YES;
				CLANG_WARN_DEPRECATED_OBJC_IMPLEMENTATIONS = YES;
				CLANG_WARN_DIRECT_OBJC_ISA_USAGE = YES_ERROR;
				CLANG_WARN_DOCUMENTATION_COMMENTS = YES;
				CLANG_WARN_EMPTY_BODY = YES;
				CLANG_WARN_ENUM_CONVERSION = YES;
				CLANG_WARN_INFINITE_RECURSION = YES;
				CLANG_WARN_INT_CONVERSION = YES;
				CLANG_WARN_NON_LITERAL_NULL_CONVERSION = YES;
				CLANG_WARN_OBJC_IMPLICIT_RETAIN_SELF = YES;
				CLANG_WARN_OBJC_LITERAL_CONVERSION = YES;
				CLANG_WARN_OBJC_ROOT_CLASS = YES_ERROR;
				CLANG_WARN_QUOTED_INCLUDE_IN_FRAMEWORK_HEADER = YES;
				CLANG_WARN_RANGE_LOOP_ANALYSIS = YES;
				CLANG_WARN_STRICT_PROTOTYPES = YES;
				CLANG_WARN_SUSPICIOUS_MOVE = YES;
				CLANG_WARN_UNGUARDED_AVAILABILITY = YES_AGGRESSIVE;
				CLANG_WARN_UNREACHABLE_CODE = YES;
				CLANG_WARN__DUPLICATE_METHOD_MATCH = YES;
				COPY_PHASE_STRIP = NO;
				DEBUG_INFORMATION_FORMAT = "dwarf-with-dsym";
				ENABLE_NS_ASSERTIONS = NO;
				ENABLE_STRICT_OBJC_MSGSEND = YES;
				GCC_C_LANGUAGE_STANDARD = gnu11;
				GCC_NO_COMMON_BLOCKS = YES;
				GCC_WARN_64_TO_32_BIT_CONVERSION = YES;
				GCC_WARN_ABOUT_RETURN_TYPE = YES_ERROR;
				GCC_WARN_UNDECLARED_SELECTOR = YES;
				GCC_WARN_UNINITIALIZED_AUTOS = YES_AGGRESSIVE;
				GCC_WARN_UNUSED_FUNCTION = YES;
				GCC_WARN_UNUSED_VARIABLE = YES;
				IPHONEOS_DEPLOYMENT_TARGET = 16.4;
				MTL_ENABLE_DEBUG_INFO = NO;
				MTL_FAST_MATH = YES;
				SDKROOT = iphoneos;
				SWIFT_COMPILATION_MODE = wholemodule;
				SWIFT_OPTIMIZATION_LEVEL = "-O";
				VALIDATE_PRODUCT = YES;
			};
			name = Release;
		};
		2CA419272BA63D8700B708B7 /* Debug */ = {
			isa = XCBuildConfiguration;
			baseConfigurationReference = 7AEE16355A81038024FF680A /* Pods-PiggyLists.debug.xcconfig */;
			buildSettings = {
				ASSETCATALOG_COMPILER_APPICON_NAME = AppIcon;
				ASSETCATALOG_COMPILER_GLOBAL_ACCENT_COLOR_NAME = AccentColor;
				CODE_SIGN_STYLE = Automatic;
				CURRENT_PROJECT_VERSION = 1;
				DEVELOPMENT_TEAM = FL98X837HZ;
				GENERATE_INFOPLIST_FILE = YES;
				INFOPLIST_FILE = PiggyLists/Info.plist;
				INFOPLIST_KEY_UIApplicationSupportsIndirectInputEvents = YES;
				INFOPLIST_KEY_UILaunchStoryboardName = LaunchScreen;
				INFOPLIST_KEY_UIMainStoryboardFile = Main;
				INFOPLIST_KEY_UISupportedInterfaceOrientations = UIInterfaceOrientationPortrait;
				IPHONEOS_DEPLOYMENT_TARGET = 13.0;
				LD_RUNPATH_SEARCH_PATHS = (
					"$(inherited)",
					"@executable_path/Frameworks",
				);
				MARKETING_VERSION = 1.0;
				PRODUCT_BUNDLE_IDENTIFIER = bhavshan.PiggyLists;
				PRODUCT_NAME = "$(TARGET_NAME)";
				SWIFT_EMIT_LOC_STRINGS = YES;
				SWIFT_VERSION = 5.0;
				TARGETED_DEVICE_FAMILY = "1,2";
			};
			name = Debug;
		};
		2CA419282BA63D8700B708B7 /* Release */ = {
			isa = XCBuildConfiguration;
			baseConfigurationReference = 3560A40EE614CF3219B796BC /* Pods-PiggyLists.release.xcconfig */;
			buildSettings = {
				ASSETCATALOG_COMPILER_APPICON_NAME = AppIcon;
				ASSETCATALOG_COMPILER_GLOBAL_ACCENT_COLOR_NAME = AccentColor;
				CODE_SIGN_STYLE = Automatic;
				CURRENT_PROJECT_VERSION = 1;
				DEVELOPMENT_TEAM = FL98X837HZ;
				GENERATE_INFOPLIST_FILE = YES;
				INFOPLIST_FILE = PiggyLists/Info.plist;
				INFOPLIST_KEY_UIApplicationSupportsIndirectInputEvents = YES;
				INFOPLIST_KEY_UILaunchStoryboardName = LaunchScreen;
				INFOPLIST_KEY_UIMainStoryboardFile = Main;
				INFOPLIST_KEY_UISupportedInterfaceOrientations = UIInterfaceOrientationPortrait;
				IPHONEOS_DEPLOYMENT_TARGET = 13.0;
				LD_RUNPATH_SEARCH_PATHS = (
					"$(inherited)",
					"@executable_path/Frameworks",
				);
				MARKETING_VERSION = 1.0;
				PRODUCT_BUNDLE_IDENTIFIER = bhavshan.PiggyLists;
				PRODUCT_NAME = "$(TARGET_NAME)";
				SWIFT_EMIT_LOC_STRINGS = YES;
				SWIFT_VERSION = 5.0;
				TARGETED_DEVICE_FAMILY = "1,2";
			};
			name = Release;
		};
		2CA4192A2BA63D8700B708B7 /* Debug */ = {
			isa = XCBuildConfiguration;
			buildSettings = {
				ALWAYS_EMBED_SWIFT_STANDARD_LIBRARIES = YES;
				BUNDLE_LOADER = "$(TEST_HOST)";
				CODE_SIGN_STYLE = Automatic;
				CURRENT_PROJECT_VERSION = 1;
				DEVELOPMENT_TEAM = FL98X837HZ;
				GENERATE_INFOPLIST_FILE = YES;
				IPHONEOS_DEPLOYMENT_TARGET = 16.4;
				MARKETING_VERSION = 1.0;
				PRODUCT_BUNDLE_IDENTIFIER = bhavshan.PiggyListsTests;
				PRODUCT_NAME = "$(TARGET_NAME)";
				SWIFT_EMIT_LOC_STRINGS = NO;
				SWIFT_VERSION = 5.0;
				TARGETED_DEVICE_FAMILY = "1,2";
				TEST_HOST = "$(BUILT_PRODUCTS_DIR)/PiggyLists.app/$(BUNDLE_EXECUTABLE_FOLDER_PATH)/PiggyLists";
			};
			name = Debug;
		};
		2CA4192B2BA63D8700B708B7 /* Release */ = {
			isa = XCBuildConfiguration;
			buildSettings = {
				ALWAYS_EMBED_SWIFT_STANDARD_LIBRARIES = YES;
				BUNDLE_LOADER = "$(TEST_HOST)";
				CODE_SIGN_STYLE = Automatic;
				CURRENT_PROJECT_VERSION = 1;
				DEVELOPMENT_TEAM = FL98X837HZ;
				GENERATE_INFOPLIST_FILE = YES;
				IPHONEOS_DEPLOYMENT_TARGET = 16.4;
				MARKETING_VERSION = 1.0;
				PRODUCT_BUNDLE_IDENTIFIER = bhavshan.PiggyListsTests;
				PRODUCT_NAME = "$(TARGET_NAME)";
				SWIFT_EMIT_LOC_STRINGS = NO;
				SWIFT_VERSION = 5.0;
				TARGETED_DEVICE_FAMILY = "1,2";
				TEST_HOST = "$(BUILT_PRODUCTS_DIR)/PiggyLists.app/$(BUNDLE_EXECUTABLE_FOLDER_PATH)/PiggyLists";
			};
			name = Release;
		};
		2CA4192D2BA63D8700B708B7 /* Debug */ = {
			isa = XCBuildConfiguration;
			buildSettings = {
				ALWAYS_EMBED_SWIFT_STANDARD_LIBRARIES = YES;
				CODE_SIGN_STYLE = Automatic;
				CURRENT_PROJECT_VERSION = 1;
				DEVELOPMENT_TEAM = FL98X837HZ;
				GENERATE_INFOPLIST_FILE = YES;
				MARKETING_VERSION = 1.0;
				PRODUCT_BUNDLE_IDENTIFIER = bhavshan.PiggyListsUITests;
				PRODUCT_NAME = "$(TARGET_NAME)";
				SWIFT_EMIT_LOC_STRINGS = NO;
				SWIFT_VERSION = 5.0;
				TARGETED_DEVICE_FAMILY = "1,2";
				TEST_TARGET_NAME = PiggyLists;
			};
			name = Debug;
		};
		2CA4192E2BA63D8700B708B7 /* Release */ = {
			isa = XCBuildConfiguration;
			buildSettings = {
				ALWAYS_EMBED_SWIFT_STANDARD_LIBRARIES = YES;
				CODE_SIGN_STYLE = Automatic;
				CURRENT_PROJECT_VERSION = 1;
				DEVELOPMENT_TEAM = FL98X837HZ;
				GENERATE_INFOPLIST_FILE = YES;
				MARKETING_VERSION = 1.0;
				PRODUCT_BUNDLE_IDENTIFIER = bhavshan.PiggyListsUITests;
				PRODUCT_NAME = "$(TARGET_NAME)";
				SWIFT_EMIT_LOC_STRINGS = NO;
				SWIFT_VERSION = 5.0;
				TARGETED_DEVICE_FAMILY = "1,2";
				TEST_TARGET_NAME = PiggyLists;
			};
			name = Release;
		};
/* End XCBuildConfiguration section */

/* Begin XCConfigurationList section */
		2CA418F72BA63D8600B708B7 /* Build configuration list for PBXProject "PiggyLists" */ = {
			isa = XCConfigurationList;
			buildConfigurations = (
				2CA419242BA63D8700B708B7 /* Debug */,
				2CA419252BA63D8700B708B7 /* Release */,
			);
			defaultConfigurationIsVisible = 0;
			defaultConfigurationName = Release;
		};
		2CA419262BA63D8700B708B7 /* Build configuration list for PBXNativeTarget "PiggyLists" */ = {
			isa = XCConfigurationList;
			buildConfigurations = (
				2CA419272BA63D8700B708B7 /* Debug */,
				2CA419282BA63D8700B708B7 /* Release */,
			);
			defaultConfigurationIsVisible = 0;
			defaultConfigurationName = Release;
		};
		2CA419292BA63D8700B708B7 /* Build configuration list for PBXNativeTarget "PiggyListsTests" */ = {
			isa = XCConfigurationList;
			buildConfigurations = (
				2CA4192A2BA63D8700B708B7 /* Debug */,
				2CA4192B2BA63D8700B708B7 /* Release */,
			);
			defaultConfigurationIsVisible = 0;
			defaultConfigurationName = Release;
		};
		2CA4192C2BA63D8700B708B7 /* Build configuration list for PBXNativeTarget "PiggyListsUITests" */ = {
			isa = XCConfigurationList;
			buildConfigurations = (
				2CA4192D2BA63D8700B708B7 /* Debug */,
				2CA4192E2BA63D8700B708B7 /* Release */,
			);
			defaultConfigurationIsVisible = 0;
			defaultConfigurationName = Release;
		};
/* End XCConfigurationList section */
	};
	rootObject = 2CA418F42BA63D8600B708B7 /* Project object */;
}
